// !$*UTF8*$!
{
	archiveVersion = 1;
	classes = {
	};
	objectVersion = 46;
	objects = {

/* Begin PBXBuildFile section */
		BE65C2371C41A15C00CA955D /* AppDelegate.swift in Sources */ = {isa = PBXBuildFile; fileRef = BE65C2361C41A15C00CA955D /* AppDelegate.swift */; };
		BE65C2391C41A15C00CA955D /* ViewController.swift in Sources */ = {isa = PBXBuildFile; fileRef = BE65C2381C41A15C00CA955D /* ViewController.swift */; };
		BE65C23C1C41A15C00CA955D /* Main.storyboard in Resources */ = {isa = PBXBuildFile; fileRef = BE65C23A1C41A15C00CA955D /* Main.storyboard */; };
		BE65C23E1C41A15C00CA955D /* Assets.xcassets in Resources */ = {isa = PBXBuildFile; fileRef = BE65C23D1C41A15C00CA955D /* Assets.xcassets */; };
		BE65C2411C41A15C00CA955D /* LaunchScreen.storyboard in Resources */ = {isa = PBXBuildFile; fileRef = BE65C23F1C41A15C00CA955D /* LaunchScreen.storyboard */; };
/* End PBXBuildFile section */

/* Begin PBXFileReference section */
		BE65C2331C41A15C00CA955D /* Counter.app */ = {isa = PBXFileReference; explicitFileType = wrapper.application; includeInIndex = 0; path = Counter.app; sourceTree = BUILT_PRODUCTS_DIR; };
		BE65C2361C41A15C00CA955D /* AppDelegate.swift */ = {isa = PBXFileReference; lastKnownFileType = sourcecode.swift; path = AppDelegate.swift; sourceTree = "<group>"; };
		BE65C2381C41A15C00CA955D /* ViewController.swift */ = {isa = PBXFileReference; lastKnownFileType = sourcecode.swift; path = ViewController.swift; sourceTree = "<group>"; };
		BE65C23B1C41A15C00CA955D /* Base */ = {isa = PBXFileReference; lastKnownFileType = file.storyboard; name = Base; path = Base.lproj/Main.storyboard; sourceTree = "<group>"; };
		BE65C23D1C41A15C00CA955D /* Assets.xcassets */ = {isa = PBXFileReference; lastKnownFileType = folder.assetcatalog; path = Assets.xcassets; sourceTree = "<group>"; };
		BE65C2401C41A15C00CA955D /* Base */ = {isa = PBXFileReference; lastKnownFileType = file.storyboard; name = Base; path = Base.lproj/LaunchScreen.storyboard; sourceTree = "<group>"; };
		BE65C2421C41A15C00CA955D /* Info.plist */ = {isa = PBXFileReference; lastKnownFileType = text.plist.xml; path = Info.plist; sourceTree = "<group>"; };
/* End PBXFileReference section */

/* Begin PBXFrameworksBuildPhase section */
		BE65C2301C41A15C00CA955D /* Frameworks */ = {
			isa = PBXFrameworksBuildPhase;
			buildActionMask = 2147483647;
			files = (
			);
			runOnlyForDeploymentPostprocessing = 0;
		};
/* End PBXFrameworksBuildPhase section */

/* Begin PBXGroup section */
		BE65C22A1C41A15C00CA955D = {
			isa = PBXGroup;
			children = (
				BE65C2351C41A15C00CA955D /* Counter */,
				BE65C2341C41A15C00CA955D /* Products */,
			);
			sourceTree = "<group>";
		};
		BE65C2341C41A15C00CA955D /* Products */ = {
			isa = PBXGroup;
			children = (
				BE65C2331C41A15C00CA955D /* Counter.app */,
			);
			name = Products;
			sourceTree = "<group>";
		};
		BE65C2351C41A15C00CA955D /* Counter */ = {
			isa = PBXGroup;
			children = (
				BE65C2361C41A15C00CA955D /* AppDelegate.swift */,
				BE65C2381C41A15C00CA955D /* ViewController.swift */,
				BE65C23A1C41A15C00CA955D /* Main.storyboard */,
				BE65C23D1C41A15C00CA955D /* Assets.xcassets */,
				BE65C23F1C41A15C00CA955D /* LaunchScreen.storyboard */,
				BE65C2421C41A15C00CA955D /* Info.plist */,
			);
			path = Counter;
			sourceTree = "<group>";
		};
/* End PBXGroup section */

/* Begin PBXNativeTarget section */
		BE65C2321C41A15C00CA955D /* Counter */ = {
			isa = PBXNativeTarget;
			buildConfigurationList = BE65C2451C41A15C00CA955D /* Build configuration list for PBXNativeTarget "Counter" */;
			buildPhases = (
				BE65C22F1C41A15C00CA955D /* Sources */,
				BE65C2301C41A15C00CA955D /* Frameworks */,
				BE65C2311C41A15C00CA955D /* Resources */,
			);
			buildRules = (
			);
			dependencies = (
			);
			name = Counter;
			productName = Counter;
			productReference = BE65C2331C41A15C00CA955D /* Counter.app */;
			productType = "com.apple.product-type.application";
		};
/* End PBXNativeTarget section */

/* Begin PBXProject section */
		BE65C22B1C41A15C00CA955D /* Project object */ = {
			isa = PBXProject;
			attributes = {
				LastSwiftUpdateCheck = 0720;
				LastUpgradeCheck = 0720;
				ORGANIZATIONNAME = Sill;
				TargetAttributes = {
					BE65C2321C41A15C00CA955D = {
						CreatedOnToolsVersion = 7.2;
						DevelopmentTeam = 3Z7B6QN737;
					};
				};
			};
			buildConfigurationList = BE65C22E1C41A15C00CA955D /* Build configuration list for PBXProject "Counter" */;
			compatibilityVersion = "Xcode 3.2";
			developmentRegion = English;
			hasScannedForEncodings = 0;
			knownRegions = (
				en,
				Base,
			);
			mainGroup = BE65C22A1C41A15C00CA955D;
			productRefGroup = BE65C2341C41A15C00CA955D /* Products */;
			projectDirPath = "";
			projectRoot = "";
			targets = (
				BE65C2321C41A15C00CA955D /* Counter */,
			);
		};
/* End PBXProject section */

/* Begin PBXResourcesBuildPhase section */
		BE65C2311C41A15C00CA955D /* Resources */ = {
			isa = PBXResourcesBuildPhase;
			buildActionMask = 2147483647;
			files = (
				BE65C2411C41A15C00CA955D /* LaunchScreen.storyboard in Resources */,
				BE65C23E1C41A15C00CA955D /* Assets.xcassets in Resources */,
				BE65C23C1C41A15C00CA955D /* Main.storyboard in Resources */,
			);
			runOnlyForDeploymentPostprocessing = 0;
		};
/* End PBXResourcesBuildPhase section */

/* Begin PBXSourcesBuildPhase section */
		BE65C22F1C41A15C00CA955D /* Sources */ = {
			isa = PBXSourcesBuildPhase;
			buildActionMask = 2147483647;
			files = (
				BE65C2391C41A15C00CA955D /* ViewController.swift in Sources */,
				BE65C2371C41A15C00CA955D /* AppDelegate.swift in Sources */,
			);
			runOnlyForDeploymentPostprocessing = 0;
		};
/* End PBXSourcesBuildPhase section */

/* Begin PBXVariantGroup section */
		BE65C23A1C41A15C00CA955D /* Main.storyboard */ = {
			isa = PBXVariantGroup;
			children = (
				BE65C23B1C41A15C00CA955D /* Base */,
			);
			name = Main.storyboard;
			sourceTree = "<group>";
		};
		BE65C23F1C41A15C00CA955D /* LaunchScreen.storyboard */ = {
			isa = PBXVariantGroup;
			children = (
				BE65C2401C41A15C00CA955D /* Base */,
			);
			name = LaunchScreen.storyboard;
			sourceTree = "<group>";
		};
/* End PBXVariantGroup section */

/* Begin XCBuildConfiguration section */
		BE65C2431C41A15C00CA955D /* Debug */ = {
			isa = XCBuildConfiguration;
			buildSettings = {
				ALWAYS_SEARCH_USER_PATHS = NO;
				CLANG_CXX_LANGUAGE_STANDARD = "gnu++0x";
				CLANG_CXX_LIBRARY = "libc++";
				CLANG_ENABLE_MODULES = YES;
				CLANG_ENABLE_OBJC_ARC = YES;
				CLANG_WARN_BOOL_CONVERSION = YES;
				CLANG_WARN_CONSTANT_CONVERSION = YES;
				CLANG_WARN_DIRECT_OBJC_ISA_USAGE = YES_ERROR;
				CLANG_WARN_EMPTY_BODY = YES;
				CLANG_WARN_ENUM_CONVERSION = YES;
				CLANG_WARN_INT_CONVERSION = YES;
				CLANG_WARN_OBJC_ROOT_CLASS = YES_ERROR;
				CLANG_WARN_UNREACHABLE_CODE = YES;
				CLANG_WARN__DUPLICATE_METHOD_MATCH = YES;
				"CODE_SIGN_IDENTITY[sdk=iphoneos*]" = "iPhone Developer";
				COPY_PHASE_STRIP = NO;
				DEBUG_INFORMATION_FORMAT = dwarf;
				ENABLE_STRICT_OBJC_MSGSEND = YES;
				ENABLE_TESTABILITY = YES;
				GCC_C_LANGUAGE_STANDARD = gnu99;
				GCC_DYNAMIC_NO_PIC = NO;
				GCC_NO_COMMON_BLOCKS = YES;
				GCC_OPTIMIZATION_LEVEL = 0;
				GCC_PREPROCESSOR_DEFINITIONS = (
					"DEBUG=1",
					"$(inherited)",
				);
				GCC_WARN_64_TO_32_BIT_CONVERSION = YES;
				GCC_WARN_ABOUT_RETURN_TYPE = YES_ERROR;
				GCC_WARN_UNDECLARED_SELECTOR = YES;
				GCC_WARN_UNINITIALIZED_AUTOS = YES_AGGRESSIVE;
				GCC_WARN_UNUSED_FUNCTION = YES;
				GCC_WARN_UNUSED_VARIABLE = YES;
				IPHONEOS_DEPLOYMENT_TARGET = 9.2;
				MTL_ENABLE_DEBUG_INFO = YES;
				ONLY_ACTIVE_ARCH = YES;
				SDKROOT = iphoneos;
				SWIFT_OPTIMIZATION_LEVEL = "-Onone";
			};
			name = Debug;
		};
		BE65C2441C41A15C00CA955D /* Release */ = {
			isa = XCBuildConfiguration;
			buildSettings = {
				ALWAYS_SEARCH_USER_PATHS = NO;
				CLANG_CXX_LANGUAGE_STANDARD = "gnu++0x";
				CLANG_CXX_LIBRARY = "libc++";
				CLANG_ENABLE_MODULES = YES;
				CLANG_ENABLE_OBJC_ARC = YES;
				CLANG_WARN_BOOL_CONVERSION = YES;
				CLANG_WARN_CONSTANT_CONVERSION = YES;
				CLANG_WARN_DIRECT_OBJC_ISA_USAGE = YES_ERROR;
				CLANG_WARN_EMPTY_BODY = YES;
				CLANG_WARN_ENUM_CONVERSION = YES;
				CLANG_WARN_INT_CONVERSION = YES;
				CLANG_WARN_OBJC_ROOT_CLASS = YES_ERROR;
				CLANG_WARN_UNREACHABLE_CODE = YES;
				CLANG_WARN__DUPLICATE_METHOD_MATCH = YES;
				"CODE_SIGN_IDENTITY[sdk=iphoneos*]" = "iPhone Developer";
				COPY_PHASE_STRIP = NO;
				DEBUG_INFORMATION_FORMAT = "dwarf-with-dsym";
				ENABLE_NS_ASSERTIONS = NO;
				ENABLE_STRICT_OBJC_MSGSEND = YES;
				GCC_C_LANGUAGE_STANDARD = gnu99;
				GCC_NO_COMMON_BLOCKS = YES;
				GCC_WARN_64_TO_32_BIT_CONVERSION = YES;
				GCC_WARN_ABOUT_RETURN_TYPE = YES_ERROR;
				GCC_WARN_UNDECLARED_SELECTOR = YES;
				GCC_WARN_UNINITIALIZED_AUTOS = YES_AGGRESSIVE;
				GCC_WARN_UNUSED_FUNCTION = YES;
				GCC_WARN_UNUSED_VARIABLE = YES;
				IPHONEOS_DEPLOYMENT_TARGET = 9.2;
				MTL_ENABLE_DEBUG_INFO = NO;
				SDKROOT = iphoneos;
				VALIDATE_PRODUCT = YES;
			};
			name = Release;
		};
		BE65C2461C41A15C00CA955D /* Debug */ = {
			isa = XCBuildConfiguration;
			buildSettings = {
				ASSETCATALOG_COMPILER_APPICON_NAME = AppIcon;
				INFOPLIST_FILE = Counter/Info.plist;
				LD_RUNPATH_SEARCH_PATHS = "$(inherited) @executable_path/Frameworks";
				PRODUCT_BUNDLE_IDENTIFIER = com.example.Counter;
				PRODUCT_NAME = "$(TARGET_NAME)";
			};
			name = Debug;
		};
		BE65C2471C41A15C00CA955D /* Release */ = {
			isa = XCBuildConfiguration;
			buildSettings = {
				ASSETCATALOG_COMPILER_APPICON_NAME = AppIcon;
				INFOPLIST_FILE = Counter/Info.plist;
				LD_RUNPATH_SEARCH_PATHS = "$(inherited) @executable_path/Frameworks";
				PRODUCT_BUNDLE_IDENTIFIER = com.example.Counter;
				PRODUCT_NAME = "$(TARGET_NAME)";
			};
			name = Release;
		};
/* End XCBuildConfiguration section */

/* Begin XCConfigurationList section */
		BE65C22E1C41A15C00CA955D /* Build configuration list for PBXProject "Counter" */ = {
			isa = XCConfigurationList;
			buildConfigurations = (
				BE65C2431C41A15C00CA955D /* Debug */,
				BE65C2441C41A15C00CA955D /* Release */,
			);
			defaultConfigurationIsVisible = 0;
			defaultConfigurationName = Release;
		};
		BE65C2451C41A15C00CA955D /* Build configuration list for PBXNativeTarget "Counter" */ = {
			isa = XCConfigurationList;
			buildConfigurations = (
				BE65C2461C41A15C00CA955D /* Debug */,
				BE65C2471C41A15C00CA955D /* Release */,
			);
			defaultConfigurationIsVisible = 0;
		};
/* End XCConfigurationList section */
	};
	rootObject = BE65C22B1C41A15C00CA955D /* Project object */;
}
