// !$*UTF8*$!
{
	archiveVersion = 1;
	classes = {
	};
	objectVersion = 46;
	objects = {

/* Begin PBXBuildFile section */
		BE0A25D81C4F9DA600EA1872 /* AppDelegate.swift in Sources */ = {isa = PBXBuildFile; fileRef = BE0A25D71C4F9DA600EA1872 /* AppDelegate.swift */; };
		BE0A25DA1C4F9DA600EA1872 /* ViewController.swift in Sources */ = {isa = PBXBuildFile; fileRef = BE0A25D91C4F9DA600EA1872 /* ViewController.swift */; };
		BE0A25DD1C4F9DA600EA1872 /* Main.storyboard in Resources */ = {isa = PBXBuildFile; fileRef = BE0A25DB1C4F9DA600EA1872 /* Main.storyboard */; };
		BE0A25DF1C4F9DA600EA1872 /* Assets.xcassets in Resources */ = {isa = PBXBuildFile; fileRef = BE0A25DE1C4F9DA600EA1872 /* Assets.xcassets */; };
		BE0A25E21C4F9DA600EA1872 /* LaunchScreen.storyboard in Resources */ = {isa = PBXBuildFile; fileRef = BE0A25E01C4F9DA600EA1872 /* LaunchScreen.storyboard */; };
/* End PBXBuildFile section */

/* Begin PBXFileReference section */
		BE0A25D41C4F9DA600EA1872 /* Project4.app */ = {isa = PBXFileReference; explicitFileType = wrapper.application; includeInIndex = 0; path = Project4.app; sourceTree = BUILT_PRODUCTS_DIR; };
		BE0A25D71C4F9DA600EA1872 /* AppDelegate.swift */ = {isa = PBXFileReference; lastKnownFileType = sourcecode.swift; path = AppDelegate.swift; sourceTree = "<group>"; };
		BE0A25D91C4F9DA600EA1872 /* ViewController.swift */ = {isa = PBXFileReference; lastKnownFileType = sourcecode.swift; path = ViewController.swift; sourceTree = "<group>"; };
		BE0A25DC1C4F9DA600EA1872 /* Base */ = {isa = PBXFileReference; lastKnownFileType = file.storyboard; name = Base; path = Base.lproj/Main.storyboard; sourceTree = "<group>"; };
		BE0A25DE1C4F9DA600EA1872 /* Assets.xcassets */ = {isa = PBXFileReference; lastKnownFileType = folder.assetcatalog; path = Assets.xcassets; sourceTree = "<group>"; };
		BE0A25E11C4F9DA600EA1872 /* Base */ = {isa = PBXFileReference; lastKnownFileType = file.storyboard; name = Base; path = Base.lproj/LaunchScreen.storyboard; sourceTree = "<group>"; };
		BE0A25E31C4F9DA600EA1872 /* Info.plist */ = {isa = PBXFileReference; lastKnownFileType = text.plist.xml; path = Info.plist; sourceTree = "<group>"; };
/* End PBXFileReference section */

/* Begin PBXFrameworksBuildPhase section */
		BE0A25D11C4F9DA600EA1872 /* Frameworks */ = {
			isa = PBXFrameworksBuildPhase;
			buildActionMask = 2147483647;
			files = (
			);
			runOnlyForDeploymentPostprocessing = 0;
		};
/* End PBXFrameworksBuildPhase section */

/* Begin PBXGroup section */
		BE0A25CB1C4F9DA600EA1872 = {
			isa = PBXGroup;
			children = (
				BE0A25D61C4F9DA600EA1872 /* Project4 */,
				BE0A25D51C4F9DA600EA1872 /* Products */,
			);
			sourceTree = "<group>";
		};
		BE0A25D51C4F9DA600EA1872 /* Products */ = {
			isa = PBXGroup;
			children = (
				BE0A25D41C4F9DA600EA1872 /* Project4.app */,
			);
			name = Products;
			sourceTree = "<group>";
		};
		BE0A25D61C4F9DA600EA1872 /* Project4 */ = {
			isa = PBXGroup;
			children = (
				BE0A25D71C4F9DA600EA1872 /* AppDelegate.swift */,
				BE0A25D91C4F9DA600EA1872 /* ViewController.swift */,
				BE0A25DB1C4F9DA600EA1872 /* Main.storyboard */,
				BE0A25DE1C4F9DA600EA1872 /* Assets.xcassets */,
				BE0A25E01C4F9DA600EA1872 /* LaunchScreen.storyboard */,
				BE0A25E31C4F9DA600EA1872 /* Info.plist */,
			);
			path = Project4;
			sourceTree = "<group>";
		};
/* End PBXGroup section */

/* Begin PBXNativeTarget section */
		BE0A25D31C4F9DA600EA1872 /* Project4 */ = {
			isa = PBXNativeTarget;
			buildConfigurationList = BE0A25E61C4F9DA600EA1872 /* Build configuration list for PBXNativeTarget "Project4" */;
			buildPhases = (
				BE0A25D01C4F9DA600EA1872 /* Sources */,
				BE0A25D11C4F9DA600EA1872 /* Frameworks */,
				BE0A25D21C4F9DA600EA1872 /* Resources */,
			);
			buildRules = (
			);
			dependencies = (
			);
			name = Project4;
			productName = Project4;
			productReference = BE0A25D41C4F9DA600EA1872 /* Project4.app */;
			productType = "com.apple.product-type.application";
		};
/* End PBXNativeTarget section */

/* Begin PBXProject section */
		BE0A25CC1C4F9DA600EA1872 /* Project object */ = {
			isa = PBXProject;
			attributes = {
				LastSwiftUpdateCheck = 0720;
				LastUpgradeCheck = 0720;
				ORGANIZATIONNAME = Sill;
				TargetAttributes = {
					BE0A25D31C4F9DA600EA1872 = {
						CreatedOnToolsVersion = 7.2;
						DevelopmentTeam = 3Z7B6QN737;
					};
				};
			};
			buildConfigurationList = BE0A25CF1C4F9DA600EA1872 /* Build configuration list for PBXProject "Project4" */;
			compatibilityVersion = "Xcode 3.2";
			developmentRegion = English;
			hasScannedForEncodings = 0;
			knownRegions = (
				en,
				Base,
			);
			mainGroup = BE0A25CB1C4F9DA600EA1872;
			productRefGroup = BE0A25D51C4F9DA600EA1872 /* Products */;
			projectDirPath = "";
			projectRoot = "";
			targets = (
				BE0A25D31C4F9DA600EA1872 /* Project4 */,
			);
		};
/* End PBXProject section */

/* Begin PBXResourcesBuildPhase section */
		BE0A25D21C4F9DA600EA1872 /* Resources */ = {
			isa = PBXResourcesBuildPhase;
			buildActionMask = 2147483647;
			files = (
				BE0A25E21C4F9DA600EA1872 /* LaunchScreen.storyboard in Resources */,
				BE0A25DF1C4F9DA600EA1872 /* Assets.xcassets in Resources */,
				BE0A25DD1C4F9DA600EA1872 /* Main.storyboard in Resources */,
			);
			runOnlyForDeploymentPostprocessing = 0;
		};
/* End PBXResourcesBuildPhase section */

/* Begin PBXSourcesBuildPhase section */
		BE0A25D01C4F9DA600EA1872 /* Sources */ = {
			isa = PBXSourcesBuildPhase;
			buildActionMask = 2147483647;
			files = (
				BE0A25DA1C4F9DA600EA1872 /* ViewController.swift in Sources */,
				BE0A25D81C4F9DA600EA1872 /* AppDelegate.swift in Sources */,
			);
			runOnlyForDeploymentPostprocessing = 0;
		};
/* End PBXSourcesBuildPhase section */

/* Begin PBXVariantGroup section */
		BE0A25DB1C4F9DA600EA1872 /* Main.storyboard */ = {
			isa = PBXVariantGroup;
			children = (
				BE0A25DC1C4F9DA600EA1872 /* Base */,
			);
			name = Main.storyboard;
			sourceTree = "<group>";
		};
		BE0A25E01C4F9DA600EA1872 /* LaunchScreen.storyboard */ = {
			isa = PBXVariantGroup;
			children = (
				BE0A25E11C4F9DA600EA1872 /* Base */,
			);
			name = LaunchScreen.storyboard;
			sourceTree = "<group>";
		};
/* End PBXVariantGroup section */

/* Begin XCBuildConfiguration section */
		BE0A25E41C4F9DA600EA1872 /* Debug */ = {
			isa = XCBuildConfiguration;
			buildSettings = {
				ALWAYS_SEARCH_USER_PATHS = NO;
				CLANG_CXX_LANGUAGE_STANDARD = "gnu++0x";
				CLANG_CXX_LIBRARY = "libc++";
				CLANG_ENABLE_MODULES = YES;
				CLANG_ENABLE_OBJC_ARC = YES;
				CLANG_WARN_BOOL_CONVERSION = YES;
				CLANG_WARN_CONSTANT_CONVERSION = YES;
				CLANG_WARN_DIRECT_OBJC_ISA_USAGE = YES_ERROR;
				CLANG_WARN_EMPTY_BODY = YES;
				CLANG_WARN_ENUM_CONVERSION = YES;
				CLANG_WARN_INT_CONVERSION = YES;
				CLANG_WARN_OBJC_ROOT_CLASS = YES_ERROR;
				CLANG_WARN_UNREACHABLE_CODE = YES;
				CLANG_WARN__DUPLICATE_METHOD_MATCH = YES;
				"CODE_SIGN_IDENTITY[sdk=iphoneos*]" = "iPhone Developer";
				COPY_PHASE_STRIP = NO;
				DEBUG_INFORMATION_FORMAT = dwarf;
				ENABLE_STRICT_OBJC_MSGSEND = YES;
				ENABLE_TESTABILITY = YES;
				GCC_C_LANGUAGE_STANDARD = gnu99;
				GCC_DYNAMIC_NO_PIC = NO;
				GCC_NO_COMMON_BLOCKS = YES;
				GCC_OPTIMIZATION_LEVEL = 0;
				GCC_PREPROCESSOR_DEFINITIONS = (
					"DEBUG=1",
					"$(inherited)",
				);
				GCC_WARN_64_TO_32_BIT_CONVERSION = YES;
				GCC_WARN_ABOUT_RETURN_TYPE = YES_ERROR;
				GCC_WARN_UNDECLARED_SELECTOR = YES;
				GCC_WARN_UNINITIALIZED_AUTOS = YES_AGGRESSIVE;
				GCC_WARN_UNUSED_FUNCTION = YES;
				GCC_WARN_UNUSED_VARIABLE = YES;
				IPHONEOS_DEPLOYMENT_TARGET = 9.2;
				MTL_ENABLE_DEBUG_INFO = YES;
				ONLY_ACTIVE_ARCH = YES;
				SDKROOT = iphoneos;
				SWIFT_OPTIMIZATION_LEVEL = "-Onone";
			};
			name = Debug;
		};
		BE0A25E51C4F9DA600EA1872 /* Release */ = {
			isa = XCBuildConfiguration;
			buildSettings = {
				ALWAYS_SEARCH_USER_PATHS = NO;
				CLANG_CXX_LANGUAGE_STANDARD = "gnu++0x";
				CLANG_CXX_LIBRARY = "libc++";
				CLANG_ENABLE_MODULES = YES;
				CLANG_ENABLE_OBJC_ARC = YES;
				CLANG_WARN_BOOL_CONVERSION = YES;
				CLANG_WARN_CONSTANT_CONVERSION = YES;
				CLANG_WARN_DIRECT_OBJC_ISA_USAGE = YES_ERROR;
				CLANG_WARN_EMPTY_BODY = YES;
				CLANG_WARN_ENUM_CONVERSION = YES;
				CLANG_WARN_INT_CONVERSION = YES;
				CLANG_WARN_OBJC_ROOT_CLASS = YES_ERROR;
				CLANG_WARN_UNREACHABLE_CODE = YES;
				CLANG_WARN__DUPLICATE_METHOD_MATCH = YES;
				"CODE_SIGN_IDENTITY[sdk=iphoneos*]" = "iPhone Developer";
				COPY_PHASE_STRIP = NO;
				DEBUG_INFORMATION_FORMAT = "dwarf-with-dsym";
				ENABLE_NS_ASSERTIONS = NO;
				ENABLE_STRICT_OBJC_MSGSEND = YES;
				GCC_C_LANGUAGE_STANDARD = gnu99;
				GCC_NO_COMMON_BLOCKS = YES;
				GCC_WARN_64_TO_32_BIT_CONVERSION = YES;
				GCC_WARN_ABOUT_RETURN_TYPE = YES_ERROR;
				GCC_WARN_UNDECLARED_SELECTOR = YES;
				GCC_WARN_UNINITIALIZED_AUTOS = YES_AGGRESSIVE;
				GCC_WARN_UNUSED_FUNCTION = YES;
				GCC_WARN_UNUSED_VARIABLE = YES;
				IPHONEOS_DEPLOYMENT_TARGET = 9.2;
				MTL_ENABLE_DEBUG_INFO = NO;
				SDKROOT = iphoneos;
				VALIDATE_PRODUCT = YES;
			};
			name = Release;
		};
		BE0A25E71C4F9DA600EA1872 /* Debug */ = {
			isa = XCBuildConfiguration;
			buildSettings = {
				ASSETCATALOG_COMPILER_APPICON_NAME = AppIcon;
				INFOPLIST_FILE = Project4/Info.plist;
				LD_RUNPATH_SEARCH_PATHS = "$(inherited) @executable_path/Frameworks";
				PRODUCT_BUNDLE_IDENTIFIER = com.example.Project4;
				PRODUCT_NAME = "$(TARGET_NAME)";
			};
			name = Debug;
		};
		BE0A25E81C4F9DA600EA1872 /* Release */ = {
			isa = XCBuildConfiguration;
			buildSettings = {
				ASSETCATALOG_COMPILER_APPICON_NAME = AppIcon;
				INFOPLIST_FILE = Project4/Info.plist;
				LD_RUNPATH_SEARCH_PATHS = "$(inherited) @executable_path/Frameworks";
				PRODUCT_BUNDLE_IDENTIFIER = com.example.Project4;
				PRODUCT_NAME = "$(TARGET_NAME)";
			};
			name = Release;
		};
/* End XCBuildConfiguration section */

/* Begin XCConfigurationList section */
		BE0A25CF1C4F9DA600EA1872 /* Build configuration list for PBXProject "Project4" */ = {
			isa = XCConfigurationList;
			buildConfigurations = (
				BE0A25E41C4F9DA600EA1872 /* Debug */,
				BE0A25E51C4F9DA600EA1872 /* Release */,
			);
			defaultConfigurationIsVisible = 0;
			defaultConfigurationName = Release;
		};
		BE0A25E61C4F9DA600EA1872 /* Build configuration list for PBXNativeTarget "Project4" */ = {
			isa = XCConfigurationList;
			buildConfigurations = (
				BE0A25E71C4F9DA600EA1872 /* Debug */,
				BE0A25E81C4F9DA600EA1872 /* Release */,
			);
			defaultConfigurationIsVisible = 0;
		};
/* End XCConfigurationList section */
	};
	rootObject = BE0A25CC1C4F9DA600EA1872 /* Project object */;
}
